# This file is @generated by IPM.
# It is not intended for manual editing.

[metadata]
name = "noctisdice"
version = "0.1.0"
description = "夜骰核心组件"
license = "AGPLv3"

[[package]]
name = "noctisdice"
version = "4.0.0-rc.4"
yggdrasil = "https://yggdrasil.noctisynth.org/"
url = "/packages/noctisdice/noctisdice-4.0.0-rc.4.ipk"

[[package]]
name = "coc"
version = "0.1.0-rc.1"
yggdrasil = "https://yggdrasil.noctisynth.org/"
url = "/packages/coc/coc-0.1.0-rc.1.ipk"

[[package]]
name = "ndice"
version = "0.1.0-rc.1"
yggdrasil = "https://yggdrasil.noctisynth.org/"
url = "/packages/ndice/ndice-0.1.0-rc.1.ipk"

[[package]]
name = "helper"
version = "0.1.0"
yggdrasil = "https://yggdrasil.noctisynth.org/"
url = "/packages/helper/helper-0.1.0.ipk"
